// !$*UTF8*$!
{
	archiveVersion = 1;
	classes = {
	};
	objectVersion = 46;
	objects = {

/* Begin PBXBuildFile section */
		848F681A1DAB88BE00AED515 /* AddItemBackgroundViewController.swift in Sources */ = {isa = PBXBuildFile; fileRef = 848F68191DAB88BE00AED515 /* AddItemBackgroundViewController.swift */; };
		848F681C1DABA8B900AED515 /* PostTabBarController.swift in Sources */ = {isa = PBXBuildFile; fileRef = 848F681B1DABA8B900AED515 /* PostTabBarController.swift */; };
		849993881D9904BA006C050C /* GoogleService-Info.plist in Resources */ = {isa = PBXBuildFile; fileRef = 849993871D9904BA006C050C /* GoogleService-Info.plist */; };
		8499938A1D992451006C050C /* ListingsTableViewController.swift in Sources */ = {isa = PBXBuildFile; fileRef = 849993891D992451006C050C /* ListingsTableViewController.swift */; };
		8499938C1D9ABD92006C050C /* AddItemViewController.swift in Sources */ = {isa = PBXBuildFile; fileRef = 8499938B1D9ABD92006C050C /* AddItemViewController.swift */; };
		8499938E1D9B5701006C050C /* User.swift in Sources */ = {isa = PBXBuildFile; fileRef = 8499938D1D9B5701006C050C /* User.swift */; };
		849993901D9B5715006C050C /* ItemListing.swift in Sources */ = {isa = PBXBuildFile; fileRef = 8499938F1D9B5715006C050C /* ItemListing.swift */; };
		84DFB0EB1D98F15E00111668 /* AppDelegate.swift in Sources */ = {isa = PBXBuildFile; fileRef = 84DFB0EA1D98F15E00111668 /* AppDelegate.swift */; };
		84DFB0ED1D98F15E00111668 /* LoginViewController.swift in Sources */ = {isa = PBXBuildFile; fileRef = 84DFB0EC1D98F15E00111668 /* LoginViewController.swift */; };
		84DFB0F01D98F15E00111668 /* Main.storyboard in Resources */ = {isa = PBXBuildFile; fileRef = 84DFB0EE1D98F15E00111668 /* Main.storyboard */; };
		84DFB0F21D98F15E00111668 /* Assets.xcassets in Resources */ = {isa = PBXBuildFile; fileRef = 84DFB0F11D98F15E00111668 /* Assets.xcassets */; };
		84DFB0F51D98F15E00111668 /* LaunchScreen.storyboard in Resources */ = {isa = PBXBuildFile; fileRef = 84DFB0F31D98F15E00111668 /* LaunchScreen.storyboard */; };
		84E1BCBA1D9C052C00315DB3 /* PostCell.swift in Sources */ = {isa = PBXBuildFile; fileRef = 84E1BCB91D9C052C00315DB3 /* PostCell.swift */; };
		84E299481DA5DDFC00A7E7DB /* SellerInfoViewController.swift in Sources */ = {isa = PBXBuildFile; fileRef = 84E299471DA5DDFC00A7E7DB /* SellerInfoViewController.swift */; };
		84EA54271D9E474800DE34EF /* ItemDetailViewController.swift in Sources */ = {isa = PBXBuildFile; fileRef = 84EA54261D9E474700DE34EF /* ItemDetailViewController.swift */; };
		84F445251DA7713800429AE7 /* MapViewController.swift in Sources */ = {isa = PBXBuildFile; fileRef = 84F445241DA7713800429AE7 /* MapViewController.swift */; };
		84F554781DA2003300D7BDA5 /* ProfileViewController.swift in Sources */ = {isa = PBXBuildFile; fileRef = 84F554771DA2003300D7BDA5 /* ProfileViewController.swift */; };
		84F5547C1DA223A900D7BDA5 /* SegmentViewController.swift in Sources */ = {isa = PBXBuildFile; fileRef = 84F5547B1DA223A900D7BDA5 /* SegmentViewController.swift */; };
		84F5547E1DA243EB00D7BDA5 /* ListingsCollectionViewController.swift in Sources */ = {isa = PBXBuildFile; fileRef = 84F5547D1DA243EB00D7BDA5 /* ListingsCollectionViewController.swift */; };
		84F554801DA24F0F00D7BDA5 /* CollectionViewCell.swift in Sources */ = {isa = PBXBuildFile; fileRef = 84F5547F1DA24F0F00D7BDA5 /* CollectionViewCell.swift */; };
		A5025873D50A8DD465F085E8 /* Pods_esell.framework in Frameworks */ = {isa = PBXBuildFile; fileRef = 26D7EE7CC04CB5DADAFDD9B3 /* Pods_esell.framework */; };
/* End PBXBuildFile section */

/* Begin PBXFileReference section */
		15F194C66E73071165440AD3 /* Pods-esell.release.xcconfig */ = {isa = PBXFileReference; includeInIndex = 1; lastKnownFileType = text.xcconfig; name = "Pods-esell.release.xcconfig"; path = "Pods/Target Support Files/Pods-esell/Pods-esell.release.xcconfig"; sourceTree = "<group>"; };
		21CCE51F04529112EBFDE571 /* Pods-esell.debug.xcconfig */ = {isa = PBXFileReference; includeInIndex = 1; lastKnownFileType = text.xcconfig; name = "Pods-esell.debug.xcconfig"; path = "Pods/Target Support Files/Pods-esell/Pods-esell.debug.xcconfig"; sourceTree = "<group>"; };
		26D7EE7CC04CB5DADAFDD9B3 /* Pods_esell.framework */ = {isa = PBXFileReference; explicitFileType = wrapper.framework; includeInIndex = 0; path = Pods_esell.framework; sourceTree = BUILT_PRODUCTS_DIR; };
		848F68191DAB88BE00AED515 /* AddItemBackgroundViewController.swift */ = {isa = PBXFileReference; fileEncoding = 4; lastKnownFileType = sourcecode.swift; path = AddItemBackgroundViewController.swift; sourceTree = "<group>"; };
		848F681B1DABA8B900AED515 /* PostTabBarController.swift */ = {isa = PBXFileReference; fileEncoding = 4; lastKnownFileType = sourcecode.swift; path = PostTabBarController.swift; sourceTree = "<group>"; };
		849993871D9904BA006C050C /* GoogleService-Info.plist */ = {isa = PBXFileReference; fileEncoding = 4; lastKnownFileType = text.plist.xml; path = "GoogleService-Info.plist"; sourceTree = "<group>"; };
		849993891D992451006C050C /* ListingsTableViewController.swift */ = {isa = PBXFileReference; fileEncoding = 4; lastKnownFileType = sourcecode.swift; path = ListingsTableViewController.swift; sourceTree = "<group>"; };
		8499938B1D9ABD92006C050C /* AddItemViewController.swift */ = {isa = PBXFileReference; fileEncoding = 4; lastKnownFileType = sourcecode.swift; path = AddItemViewController.swift; sourceTree = "<group>"; };
		8499938D1D9B5701006C050C /* User.swift */ = {isa = PBXFileReference; fileEncoding = 4; lastKnownFileType = sourcecode.swift; path = User.swift; sourceTree = "<group>"; };
		8499938F1D9B5715006C050C /* ItemListing.swift */ = {isa = PBXFileReference; fileEncoding = 4; lastKnownFileType = sourcecode.swift; path = ItemListing.swift; sourceTree = "<group>"; };
		84DFB0E71D98F15C00111668 /* esell.app */ = {isa = PBXFileReference; explicitFileType = wrapper.application; includeInIndex = 0; path = esell.app; sourceTree = BUILT_PRODUCTS_DIR; };
		84DFB0EA1D98F15E00111668 /* AppDelegate.swift */ = {isa = PBXFileReference; lastKnownFileType = sourcecode.swift; path = AppDelegate.swift; sourceTree = "<group>"; };
		84DFB0EC1D98F15E00111668 /* LoginViewController.swift */ = {isa = PBXFileReference; lastKnownFileType = sourcecode.swift; path = LoginViewController.swift; sourceTree = "<group>"; };
		84DFB0EF1D98F15E00111668 /* Base */ = {isa = PBXFileReference; lastKnownFileType = file.storyboard; name = Base; path = Base.lproj/Main.storyboard; sourceTree = "<group>"; };
		84DFB0F11D98F15E00111668 /* Assets.xcassets */ = {isa = PBXFileReference; lastKnownFileType = folder.assetcatalog; path = Assets.xcassets; sourceTree = "<group>"; };
		84DFB0F41D98F15E00111668 /* Base */ = {isa = PBXFileReference; lastKnownFileType = file.storyboard; name = Base; path = Base.lproj/LaunchScreen.storyboard; sourceTree = "<group>"; };
		84DFB0F61D98F15E00111668 /* Info.plist */ = {isa = PBXFileReference; lastKnownFileType = text.plist.xml; path = Info.plist; sourceTree = "<group>"; };
		84E1BCB91D9C052C00315DB3 /* PostCell.swift */ = {isa = PBXFileReference; fileEncoding = 4; lastKnownFileType = sourcecode.swift; path = PostCell.swift; sourceTree = "<group>"; };
		84E299471DA5DDFC00A7E7DB /* SellerInfoViewController.swift */ = {isa = PBXFileReference; fileEncoding = 4; lastKnownFileType = sourcecode.swift; path = SellerInfoViewController.swift; sourceTree = "<group>"; };
		84EA54261D9E474700DE34EF /* ItemDetailViewController.swift */ = {isa = PBXFileReference; fileEncoding = 4; lastKnownFileType = sourcecode.swift; path = ItemDetailViewController.swift; sourceTree = "<group>"; };
		84F445241DA7713800429AE7 /* MapViewController.swift */ = {isa = PBXFileReference; fileEncoding = 4; lastKnownFileType = sourcecode.swift; path = MapViewController.swift; sourceTree = "<group>"; };
		84F554771DA2003300D7BDA5 /* ProfileViewController.swift */ = {isa = PBXFileReference; fileEncoding = 4; lastKnownFileType = sourcecode.swift; path = ProfileViewController.swift; sourceTree = "<group>"; };
		84F5547B1DA223A900D7BDA5 /* SegmentViewController.swift */ = {isa = PBXFileReference; fileEncoding = 4; lastKnownFileType = sourcecode.swift; path = SegmentViewController.swift; sourceTree = "<group>"; };
		84F5547D1DA243EB00D7BDA5 /* ListingsCollectionViewController.swift */ = {isa = PBXFileReference; fileEncoding = 4; lastKnownFileType = sourcecode.swift; path = ListingsCollectionViewController.swift; sourceTree = "<group>"; };
		84F5547F1DA24F0F00D7BDA5 /* CollectionViewCell.swift */ = {isa = PBXFileReference; fileEncoding = 4; lastKnownFileType = sourcecode.swift; path = CollectionViewCell.swift; sourceTree = "<group>"; };
/* End PBXFileReference section */

/* Begin PBXFrameworksBuildPhase section */
		84DFB0E41D98F15C00111668 /* Frameworks */ = {
			isa = PBXFrameworksBuildPhase;
			buildActionMask = 2147483647;
			files = (
				A5025873D50A8DD465F085E8 /* Pods_esell.framework in Frameworks */,
			);
			runOnlyForDeploymentPostprocessing = 0;
		};
/* End PBXFrameworksBuildPhase section */

/* Begin PBXGroup section */
		7BE11AAAF5C421A3826A10ED /* Frameworks */ = {
			isa = PBXGroup;
			children = (
				26D7EE7CC04CB5DADAFDD9B3 /* Pods_esell.framework */,
			);
			name = Frameworks;
			sourceTree = "<group>";
		};
		84DFB0DE1D98F15C00111668 = {
			isa = PBXGroup;
			children = (
				84DFB0E91D98F15D00111668 /* esell */,
				84DFB0E81D98F15C00111668 /* Products */,
				9921E4AF41DAA5E48982D334 /* Pods */,
				7BE11AAAF5C421A3826A10ED /* Frameworks */,
			);
			sourceTree = "<group>";
		};
		84DFB0E81D98F15C00111668 /* Products */ = {
			isa = PBXGroup;
			children = (
				84DFB0E71D98F15C00111668 /* esell.app */,
			);
			name = Products;
			sourceTree = "<group>";
		};
		84DFB0E91D98F15D00111668 /* esell */ = {
			isa = PBXGroup;
			children = (
				84DFB0EC1D98F15E00111668 /* LoginViewController.swift */,
				84DFB0EA1D98F15E00111668 /* AppDelegate.swift */,
				84E1BCB41D9BEAD800315DB3 /* ModelObjects */,
				84DFB0EE1D98F15E00111668 /* Main.storyboard */,
				848F681B1DABA8B900AED515 /* PostTabBarController.swift */,
				84F445241DA7713800429AE7 /* MapViewController.swift */,
				84F5547B1DA223A900D7BDA5 /* SegmentViewController.swift */,
				849993891D992451006C050C /* ListingsTableViewController.swift */,
				84F5547D1DA243EB00D7BDA5 /* ListingsCollectionViewController.swift */,
				84F5547F1DA24F0F00D7BDA5 /* CollectionViewCell.swift */,
				84F554771DA2003300D7BDA5 /* ProfileViewController.swift */,
				848F68191DAB88BE00AED515 /* AddItemBackgroundViewController.swift */,
				8499938B1D9ABD92006C050C /* AddItemViewController.swift */,
				84EA54261D9E474700DE34EF /* ItemDetailViewController.swift */,
				84E299471DA5DDFC00A7E7DB /* SellerInfoViewController.swift */,
				84E1BCB91D9C052C00315DB3 /* PostCell.swift */,
				84DFB0F11D98F15E00111668 /* Assets.xcassets */,
				84DFB0F31D98F15E00111668 /* LaunchScreen.storyboard */,
				84DFB0F61D98F15E00111668 /* Info.plist */,
				849993871D9904BA006C050C /* GoogleService-Info.plist */,
			);
			path = esell;
			sourceTree = "<group>";
		};
		84E1BCB41D9BEAD800315DB3 /* ModelObjects */ = {
			isa = PBXGroup;
			children = (
				8499938D1D9B5701006C050C /* User.swift */,
				8499938F1D9B5715006C050C /* ItemListing.swift */,
			);
			name = ModelObjects;
			sourceTree = "<group>";
		};
		9921E4AF41DAA5E48982D334 /* Pods */ = {
			isa = PBXGroup;
			children = (
				21CCE51F04529112EBFDE571 /* Pods-esell.debug.xcconfig */,
				15F194C66E73071165440AD3 /* Pods-esell.release.xcconfig */,
			);
			name = Pods;
			sourceTree = "<group>";
		};
/* End PBXGroup section */

/* Begin PBXNativeTarget section */
		84DFB0E61D98F15C00111668 /* esell */ = {
			isa = PBXNativeTarget;
			buildConfigurationList = 84DFB0F91D98F15E00111668 /* Build configuration list for PBXNativeTarget "esell" */;
			buildPhases = (
				881B63D38FC6368D6E7EE26C /* [CP] Check Pods Manifest.lock */,
				84DFB0E31D98F15C00111668 /* Sources */,
				84DFB0E41D98F15C00111668 /* Frameworks */,
				84DFB0E51D98F15C00111668 /* Resources */,
				8A5DBE9484B7646BAECE1F87 /* [CP] Embed Pods Frameworks */,
				B6E49EF3CFEB1946ABEAED42 /* [CP] Copy Pods Resources */,
			);
			buildRules = (
			);
			dependencies = (
			);
			name = esell;
			productName = esell;
			productReference = 84DFB0E71D98F15C00111668 /* esell.app */;
			productType = "com.apple.product-type.application";
		};
/* End PBXNativeTarget section */

/* Begin PBXProject section */
		84DFB0DF1D98F15C00111668 /* Project object */ = {
			isa = PBXProject;
			attributes = {
				LastSwiftUpdateCheck = 0730;
				LastUpgradeCheck = 0730;
				ORGANIZATIONNAME = "Angela Lin";
				TargetAttributes = {
					84DFB0E61D98F15C00111668 = {
						CreatedOnToolsVersion = 7.3.1;
						DevelopmentTeam = CZW755Q5A7;
					};
				};
			};
			buildConfigurationList = 84DFB0E21D98F15C00111668 /* Build configuration list for PBXProject "esell" */;
			compatibilityVersion = "Xcode 3.2";
			developmentRegion = English;
			hasScannedForEncodings = 0;
			knownRegions = (
				en,
				Base,
			);
			mainGroup = 84DFB0DE1D98F15C00111668;
			productRefGroup = 84DFB0E81D98F15C00111668 /* Products */;
			projectDirPath = "";
			projectRoot = "";
			targets = (
				84DFB0E61D98F15C00111668 /* esell */,
			);
		};
/* End PBXProject section */

/* Begin PBXResourcesBuildPhase section */
		84DFB0E51D98F15C00111668 /* Resources */ = {
			isa = PBXResourcesBuildPhase;
			buildActionMask = 2147483647;
			files = (
				84DFB0F51D98F15E00111668 /* LaunchScreen.storyboard in Resources */,
				849993881D9904BA006C050C /* GoogleService-Info.plist in Resources */,
				84DFB0F21D98F15E00111668 /* Assets.xcassets in Resources */,
				84DFB0F01D98F15E00111668 /* Main.storyboard in Resources */,
			);
			runOnlyForDeploymentPostprocessing = 0;
		};
/* End PBXResourcesBuildPhase section */

/* Begin PBXShellScriptBuildPhase section */
		881B63D38FC6368D6E7EE26C /* [CP] Check Pods Manifest.lock */ = {
			isa = PBXShellScriptBuildPhase;
			buildActionMask = 2147483647;
			files = (
			);
			inputPaths = (
			);
			name = "[CP] Check Pods Manifest.lock";
			outputPaths = (
			);
			runOnlyForDeploymentPostprocessing = 0;
			shellPath = /bin/sh;
			shellScript = "diff \"${PODS_ROOT}/../Podfile.lock\" \"${PODS_ROOT}/Manifest.lock\" > /dev/null\nif [[ $? != 0 ]] ; then\n    cat << EOM\nerror: The sandbox is not in sync with the Podfile.lock. Run 'pod install' or update your CocoaPods installation.\nEOM\n    exit 1\nfi\n";
			showEnvVarsInLog = 0;
		};
		8A5DBE9484B7646BAECE1F87 /* [CP] Embed Pods Frameworks */ = {
			isa = PBXShellScriptBuildPhase;
			buildActionMask = 2147483647;
			files = (
			);
			inputPaths = (
			);
			name = "[CP] Embed Pods Frameworks";
			outputPaths = (
			);
			runOnlyForDeploymentPostprocessing = 0;
			shellPath = /bin/sh;
			shellScript = "\"${SRCROOT}/Pods/Target Support Files/Pods-esell/Pods-esell-frameworks.sh\"\n";
			showEnvVarsInLog = 0;
		};
		B6E49EF3CFEB1946ABEAED42 /* [CP] Copy Pods Resources */ = {
			isa = PBXShellScriptBuildPhase;
			buildActionMask = 2147483647;
			files = (
			);
			inputPaths = (
			);
			name = "[CP] Copy Pods Resources";
			outputPaths = (
			);
			runOnlyForDeploymentPostprocessing = 0;
			shellPath = /bin/sh;
			shellScript = "\"${SRCROOT}/Pods/Target Support Files/Pods-esell/Pods-esell-resources.sh\"\n";
			showEnvVarsInLog = 0;
		};
/* End PBXShellScriptBuildPhase section */

/* Begin PBXSourcesBuildPhase section */
		84DFB0E31D98F15C00111668 /* Sources */ = {
			isa = PBXSourcesBuildPhase;
			buildActionMask = 2147483647;
			files = (
				84E1BCBA1D9C052C00315DB3 /* PostCell.swift in Sources */,
				84DFB0ED1D98F15E00111668 /* LoginViewController.swift in Sources */,
				84F554801DA24F0F00D7BDA5 /* CollectionViewCell.swift in Sources */,
				84F5547C1DA223A900D7BDA5 /* SegmentViewController.swift in Sources */,
				84EA54271D9E474800DE34EF /* ItemDetailViewController.swift in Sources */,
				84F5547E1DA243EB00D7BDA5 /* ListingsCollectionViewController.swift in Sources */,
				849993901D9B5715006C050C /* ItemListing.swift in Sources */,
				8499938C1D9ABD92006C050C /* AddItemViewController.swift in Sources */,
				84DFB0EB1D98F15E00111668 /* AppDelegate.swift in Sources */,
				84F554781DA2003300D7BDA5 /* ProfileViewController.swift in Sources */,
				848F681A1DAB88BE00AED515 /* AddItemBackgroundViewController.swift in Sources */,
				848F681C1DABA8B900AED515 /* PostTabBarController.swift in Sources */,
				84E299481DA5DDFC00A7E7DB /* SellerInfoViewController.swift in Sources */,
				8499938E1D9B5701006C050C /* User.swift in Sources */,
				8499938A1D992451006C050C /* ListingsTableViewController.swift in Sources */,
				84F445251DA7713800429AE7 /* MapViewController.swift in Sources */,
			);
			runOnlyForDeploymentPostprocessing = 0;
		};
/* End PBXSourcesBuildPhase section */

/* Begin PBXVariantGroup section */
		84DFB0EE1D98F15E00111668 /* Main.storyboard */ = {
			isa = PBXVariantGroup;
			children = (
				84DFB0EF1D98F15E00111668 /* Base */,
			);
			name = Main.storyboard;
			sourceTree = "<group>";
		};
		84DFB0F31D98F15E00111668 /* LaunchScreen.storyboard */ = {
			isa = PBXVariantGroup;
			children = (
				84DFB0F41D98F15E00111668 /* Base */,
			);
			name = LaunchScreen.storyboard;
			sourceTree = "<group>";
		};
/* End PBXVariantGroup section */

/* Begin XCBuildConfiguration section */
		84DFB0F71D98F15E00111668 /* Debug */ = {
			isa = XCBuildConfiguration;
			buildSettings = {
				ALWAYS_SEARCH_USER_PATHS = NO;
				CLANG_ANALYZER_NONNULL = YES;
				CLANG_CXX_LANGUAGE_STANDARD = "gnu++0x";
				CLANG_CXX_LIBRARY = "libc++";
				CLANG_ENABLE_MODULES = YES;
				CLANG_ENABLE_OBJC_ARC = YES;
				CLANG_WARN_BOOL_CONVERSION = YES;
				CLANG_WARN_CONSTANT_CONVERSION = YES;
				CLANG_WARN_DIRECT_OBJC_ISA_USAGE = YES_ERROR;
				CLANG_WARN_EMPTY_BODY = YES;
				CLANG_WARN_ENUM_CONVERSION = YES;
				CLANG_WARN_INT_CONVERSION = YES;
				CLANG_WARN_OBJC_ROOT_CLASS = YES_ERROR;
				CLANG_WARN_UNREACHABLE_CODE = YES;
				CLANG_WARN__DUPLICATE_METHOD_MATCH = YES;
				"CODE_SIGN_IDENTITY[sdk=iphoneos*]" = "iPhone Developer";
				COPY_PHASE_STRIP = NO;
				DEBUG_INFORMATION_FORMAT = dwarf;
				ENABLE_STRICT_OBJC_MSGSEND = YES;
				ENABLE_TESTABILITY = YES;
				GCC_C_LANGUAGE_STANDARD = gnu99;
				GCC_DYNAMIC_NO_PIC = NO;
				GCC_NO_COMMON_BLOCKS = YES;
				GCC_OPTIMIZATION_LEVEL = 0;
				GCC_PREPROCESSOR_DEFINITIONS = (
					"DEBUG=1",
					"$(inherited)",
				);
				GCC_WARN_64_TO_32_BIT_CONVERSION = YES;
				GCC_WARN_ABOUT_RETURN_TYPE = YES_ERROR;
				GCC_WARN_UNDECLARED_SELECTOR = YES;
				GCC_WARN_UNINITIALIZED_AUTOS = YES_AGGRESSIVE;
				GCC_WARN_UNUSED_FUNCTION = YES;
				GCC_WARN_UNUSED_VARIABLE = YES;
				IPHONEOS_DEPLOYMENT_TARGET = 9.3;
				MTL_ENABLE_DEBUG_INFO = YES;
				ONLY_ACTIVE_ARCH = YES;
				SDKROOT = iphoneos;
				SWIFT_OPTIMIZATION_LEVEL = "-Onone";
				TARGETED_DEVICE_FAMILY = "1,2";
			};
			name = Debug;
		};
		84DFB0F81D98F15E00111668 /* Release */ = {
			isa = XCBuildConfiguration;
			buildSettings = {
				ALWAYS_SEARCH_USER_PATHS = NO;
				CLANG_ANALYZER_NONNULL = YES;
				CLANG_CXX_LANGUAGE_STANDARD = "gnu++0x";
				CLANG_CXX_LIBRARY = "libc++";
				CLANG_ENABLE_MODULES = YES;
				CLANG_ENABLE_OBJC_ARC = YES;
				CLANG_WARN_BOOL_CONVERSION = YES;
				CLANG_WARN_CONSTANT_CONVERSION = YES;
				CLANG_WARN_DIRECT_OBJC_ISA_USAGE = YES_ERROR;
				CLANG_WARN_EMPTY_BODY = YES;
				CLANG_WARN_ENUM_CONVERSION = YES;
				CLANG_WARN_INT_CONVERSION = YES;
				CLANG_WARN_OBJC_ROOT_CLASS = YES_ERROR;
				CLANG_WARN_UNREACHABLE_CODE = YES;
				CLANG_WARN__DUPLICATE_METHOD_MATCH = YES;
				"CODE_SIGN_IDENTITY[sdk=iphoneos*]" = "iPhone Developer";
				COPY_PHASE_STRIP = NO;
				DEBUG_INFORMATION_FORMAT = "dwarf-with-dsym";
				ENABLE_NS_ASSERTIONS = NO;
				ENABLE_STRICT_OBJC_MSGSEND = YES;
				GCC_C_LANGUAGE_STANDARD = gnu99;
				GCC_NO_COMMON_BLOCKS = YES;
				GCC_WARN_64_TO_32_BIT_CONVERSION = YES;
				GCC_WARN_ABOUT_RETURN_TYPE = YES_ERROR;
				GCC_WARN_UNDECLARED_SELECTOR = YES;
				GCC_WARN_UNINITIALIZED_AUTOS = YES_AGGRESSIVE;
				GCC_WARN_UNUSED_FUNCTION = YES;
				GCC_WARN_UNUSED_VARIABLE = YES;
				IPHONEOS_DEPLOYMENT_TARGET = 9.3;
				MTL_ENABLE_DEBUG_INFO = NO;
				SDKROOT = iphoneos;
				TARGETED_DEVICE_FAMILY = "1,2";
				VALIDATE_PRODUCT = YES;
			};
			name = Release;
		};
		84DFB0FA1D98F15E00111668 /* Debug */ = {
			isa = XCBuildConfiguration;
			baseConfigurationReference = 21CCE51F04529112EBFDE571 /* Pods-esell.debug.xcconfig */;
			buildSettings = {
				ASSETCATALOG_COMPILER_APPICON_NAME = AppIcon;
				INFOPLIST_FILE = esell/Info.plist;
				IPHONEOS_DEPLOYMENT_TARGET = 9.3;
				LD_RUNPATH_SEARCH_PATHS = "$(inherited) @executable_path/Frameworks";
				PRODUCT_BUNDLE_IDENTIFIER = com.corealstudios.esell;
				PRODUCT_NAME = "$(TARGET_NAME)";
			};
			name = Debug;
		};
		84DFB0FB1D98F15E00111668 /* Release */ = {
			isa = XCBuildConfiguration;
			baseConfigurationReference = 15F194C66E73071165440AD3 /* Pods-esell.release.xcconfig */;
			buildSettings = {
				ASSETCATALOG_COMPILER_APPICON_NAME = AppIcon;
				INFOPLIST_FILE = esell/Info.plist;
				IPHONEOS_DEPLOYMENT_TARGET = 9.3;
				LD_RUNPATH_SEARCH_PATHS = "$(inherited) @executable_path/Frameworks";
				PRODUCT_BUNDLE_IDENTIFIER = com.corealstudios.esell;
				PRODUCT_NAME = "$(TARGET_NAME)";
			};
			name = Release;
		};
/* End XCBuildConfiguration section */

/* Begin XCConfigurationList section */
		84DFB0E21D98F15C00111668 /* Build configuration list for PBXProject "esell" */ = {
			isa = XCConfigurationList;
			buildConfigurations = (
				84DFB0F71D98F15E00111668 /* Debug */,
				84DFB0F81D98F15E00111668 /* Release */,
			);
			defaultConfigurationIsVisible = 0;
			defaultConfigurationName = Release;
		};
		84DFB0F91D98F15E00111668 /* Build configuration list for PBXNativeTarget "esell" */ = {
			isa = XCConfigurationList;
			buildConfigurations = (
				84DFB0FA1D98F15E00111668 /* Debug */,
				84DFB0FB1D98F15E00111668 /* Release */,
			);
			defaultConfigurationIsVisible = 0;
			defaultConfigurationName = Release;
		};
/* End XCConfigurationList section */
	};
	rootObject = 84DFB0DF1D98F15C00111668 /* Project object */;
}
